
Microsoft Visual Studio Solution File, Format Version 12.00
# Visual Studio Version 17
VisualStudioVersion = 17.1.32414.318
MinimumVisualStudioVersion = 10.0.40219.1
Project("{FAE04EC0-301F-11D3-BF4B-00C04F79EFBC}") = "ReizTechHWAssignment", "ReizTechHWAssignment.csproj", "{246EF851-F360-4B64-B90F-A19117026218}"
EndProject
Global
	GlobalSection(SolutionConfigurationPlatforms) = preSolution
		Debug|Any CPU = Debug|Any CPU
		Release|Any CPU = Release|Any CPU
	EndGlobalSection
	GlobalSection(ProjectConfigurationPlatforms) = postSolution
		{246EF851-F360-4B64-B90F-A19117026218}.Debug|Any CPU.ActiveCfg = Debug|Any CPU
		{246EF851-F360-4B64-B90F-A19117026218}.Debug|Any CPU.Build.0 = Debug|Any CPU
		{246EF851-F360-4B64-B90F-A19117026218}.Release|Any CPU.ActiveCfg = Release|Any CPU
		{246EF851-F360-4B64-B90F-A19117026218}.Release|Any CPU.Build.0 = Release|Any CPU
	EndGlobalSection
	GlobalSection(SolutionProperties) = preSolution
		HideSolutionNode = FALSE
	EndGlobalSection
	GlobalSection(ExtensibilityGlobals) = postSolution
		SolutionGuid = {3DB8C8F9-26C7-45E8-ACD1-9CAE7AE624C0}
	EndGlobalSection
EndGlobal
